%{"cuttlefish": {:git, "git://github.com/basho/cuttlefish.git", "c92c8325aeaea6b6ba7516bbd434f8e408f87d60", [tag: "2.0.1"]},
  "eleveldb": {:git, "git://github.com/basho/eleveldb.git", "e31a6de88b9c7a9d3e00397099950711184f61b7", [tag: "2.1.3"]},
  "getopt": {:git, "git://github.com/jcomellas/getopt.git", "659a28f4145bc9843598972854299dc4ea77e4cb", [tag: "v0.4.3"]},
  "goldrush": {:git, "git://github.com/DeadZen/goldrush.git", "71e63212f12c25827e0c1b4198d37d5d018a7fec", [tag: "0.1.6"]},
  "hackney": {:hex, :hackney, "1.3.2"},
  "httpoison": {:hex, :httpoison, "0.7.5"},
  "idna": {:hex, :idna, "1.0.2"},
  "lager": {:git, "git://github.com/basho/lager.git", "b6b6cebcb27ccff8acc59ae775acebc2f52e4926", [tag: "2.0.3"]},
  "mailgun": {:hex, :mailgun, "0.1.2"},
  "neotoma": {:git, "git://github.com/seancribbs/neotoma.git", "760928ec8870da02eb11bccb501e2700925d06c6", [tag: "1.7.2"]},
  "poison": {:hex, :poison, "1.5.0"},
  "reactive_db": {:git, "git://github.com/ReactiveWeb/reactive_db.git", "4cbb31d188af9c5ffe6076091e7f3566b3a37ae2", []},
  "reactive_entity": {:git, "git://github.com/ReactiveWeb/reactive_entity.git", "55cf713cf8d29a057bb6207f268765c753f538ed", []},
  "ssl_verify_hostname": {:hex, :ssl_verify_hostname, "1.0.5"}}
